// !$*UTF8*$!
{
	archiveVersion = 1;
	classes = {
	};
	objectVersion = 55;
	objects = {

/* Begin PBXBuildFile section */
		B51F474E2940766900BE0016 /* MessageKit in Frameworks */ = {isa = PBXBuildFile; productRef = B51F474D2940766900BE0016 /* MessageKit */; };
		B51F475029407A5000BE0016 /* ChatVC.swift in Sources */ = {isa = PBXBuildFile; fileRef = B51F474F29407A5000BE0016 /* ChatVC.swift */; };
		B51F475529407B5A00BE0016 /* Model.swift in Sources */ = {isa = PBXBuildFile; fileRef = B51F475429407B5A00BE0016 /* Model.swift */; };
		B51F4760294087F900BE0016 /* Chat.swift in Sources */ = {isa = PBXBuildFile; fileRef = B51F475F294087F900BE0016 /* Chat.swift */; };
		B51F47622940881200BE0016 /* Chat.storyboard in Resources */ = {isa = PBXBuildFile; fileRef = B51F47612940881200BE0016 /* Chat.storyboard */; };
		B51F47662940BBAB00BE0016 /* RegViewInput.swift in Sources */ = {isa = PBXBuildFile; fileRef = B51F47652940BBAB00BE0016 /* RegViewInput.swift */; };
		B51F47682940BBC200BE0016 /* RegViewOutput.swift in Sources */ = {isa = PBXBuildFile; fileRef = B51F47672940BBC200BE0016 /* RegViewOutput.swift */; };
		B51F476A2940BC1700BE0016 /* RegPresenter.swift in Sources */ = {isa = PBXBuildFile; fileRef = B51F47692940BC1700BE0016 /* RegPresenter.swift */; };
		B51F476D2940BC4500BE0016 /* RegInteractor.swift in Sources */ = {isa = PBXBuildFile; fileRef = B51F476C2940BC4500BE0016 /* RegInteractor.swift */; };
		B51F47702940BC8800BE0016 /* RegInteractorInput.swift in Sources */ = {isa = PBXBuildFile; fileRef = B51F476F2940BC8800BE0016 /* RegInteractorInput.swift */; };
		B51F47722940BC9A00BE0016 /* RegInteractorOutput.swift in Sources */ = {isa = PBXBuildFile; fileRef = B51F47712940BC9A00BE0016 /* RegInteractorOutput.swift */; };
		B51F47742940BCD200BE0016 /* RegRouter.swift in Sources */ = {isa = PBXBuildFile; fileRef = B51F47732940BCD200BE0016 /* RegRouter.swift */; };
		B51F47772940BD1E00BE0016 /* Entity.swift in Sources */ = {isa = PBXBuildFile; fileRef = B51F47762940BD1E00BE0016 /* Entity.swift */; };
		B51F477A2940C0AF00BE0016 /* RegRouterInput.swift in Sources */ = {isa = PBXBuildFile; fileRef = B51F47792940C0AF00BE0016 /* RegRouterInput.swift */; };
		B51F477E29410F0500BE0016 /* Extensions.swift in Sources */ = {isa = PBXBuildFile; fileRef = B51F477D29410F0500BE0016 /* Extensions.swift */; };
		B51F4781294878FE00BE0016 /* CustomElements.swift in Sources */ = {isa = PBXBuildFile; fileRef = B51F4780294878FE00BE0016 /* CustomElements.swift */; };
		B51F478329488E0C00BE0016 /* SupportConstants.swift in Sources */ = {isa = PBXBuildFile; fileRef = B51F478229488E0C00BE0016 /* SupportConstants.swift */; };
		B51F47882948D82F00BE0016 /* VerificationViewController.swift in Sources */ = {isa = PBXBuildFile; fileRef = B51F47872948D82F00BE0016 /* VerificationViewController.swift */; };
		B57CC4FE293F9410000AAE7E /* ChatList.storyboard in Resources */ = {isa = PBXBuildFile; fileRef = B57CC4FD293F9410000AAE7E /* ChatList.storyboard */; };
		B57CC500293F944E000AAE7E /* ChatListViewController.swift in Sources */ = {isa = PBXBuildFile; fileRef = B57CC4FF293F944E000AAE7E /* ChatListViewController.swift */; };
		B589D450293F1D2E00198385 /* AppDelegate.swift in Sources */ = {isa = PBXBuildFile; fileRef = B589D44F293F1D2E00198385 /* AppDelegate.swift */; };
		B589D452293F1D2E00198385 /* SceneDelegate.swift in Sources */ = {isa = PBXBuildFile; fileRef = B589D451293F1D2E00198385 /* SceneDelegate.swift */; };
		B589D454293F1D2E00198385 /* WelcomeViewController.swift in Sources */ = {isa = PBXBuildFile; fileRef = B589D453293F1D2E00198385 /* WelcomeViewController.swift */; };
		B589D45A293F1D2E00198385 /* Messenger.xcdatamodeld in Sources */ = {isa = PBXBuildFile; fileRef = B589D458293F1D2E00198385 /* Messenger.xcdatamodeld */; };
		B589D45C293F1D3000198385 /* Assets.xcassets in Resources */ = {isa = PBXBuildFile; fileRef = B589D45B293F1D3000198385 /* Assets.xcassets */; };
		B589D45F293F1D3000198385 /* LaunchScreen.storyboard in Resources */ = {isa = PBXBuildFile; fileRef = B589D45D293F1D3000198385 /* LaunchScreen.storyboard */; };
		B589D469293F279000198385 /* GoogleService-Info.plist in Resources */ = {isa = PBXBuildFile; fileRef = B589D468293F279000198385 /* GoogleService-Info.plist */; };
		B589D6A3293F6B1E00A0EEF2 /* RegistrationViewController.swift in Sources */ = {isa = PBXBuildFile; fileRef = B589D6A2293F6B1E00A0EEF2 /* RegistrationViewController.swift */; };
		B589D6A5293F6B4A00A0EEF2 /* AuthorizationViewController.swift in Sources */ = {isa = PBXBuildFile; fileRef = B589D6A4293F6B4A00A0EEF2 /* AuthorizationViewController.swift */; };
		B589D6A7293F6B8A00A0EEF2 /* ProfileViewController.swift in Sources */ = {isa = PBXBuildFile; fileRef = B589D6A6293F6B8A00A0EEF2 /* ProfileViewController.swift */; };
		B589D6A9293F6BAC00A0EEF2 /* EditProfile.storyboard in Resources */ = {isa = PBXBuildFile; fileRef = B589D6A8293F6BAC00A0EEF2 /* EditProfile.storyboard */; };
		B589D6AB293F6BD600A0EEF2 /* EditProfileViewController.swift in Sources */ = {isa = PBXBuildFile; fileRef = B589D6AA293F6BD600A0EEF2 /* EditProfileViewController.swift */; };
		B5F9AF93293F3A8000A056F5 /* Roboto-Light.ttf in Resources */ = {isa = PBXBuildFile; fileRef = B5F9AF87293F3A8000A056F5 /* Roboto-Light.ttf */; };
		B5F9AF94293F3A8000A056F5 /* Roboto-Italic.ttf in Resources */ = {isa = PBXBuildFile; fileRef = B5F9AF88293F3A8000A056F5 /* Roboto-Italic.ttf */; };
		B5F9AF95293F3A8000A056F5 /* Roboto-Thin.ttf in Resources */ = {isa = PBXBuildFile; fileRef = B5F9AF89293F3A8000A056F5 /* Roboto-Thin.ttf */; };
		B5F9AF96293F3A8000A056F5 /* Roboto-BoldItalic.ttf in Resources */ = {isa = PBXBuildFile; fileRef = B5F9AF8A293F3A8000A056F5 /* Roboto-BoldItalic.ttf */; };
		B5F9AF97293F3A8000A056F5 /* Roboto-Bold.ttf in Resources */ = {isa = PBXBuildFile; fileRef = B5F9AF8B293F3A8000A056F5 /* Roboto-Bold.ttf */; };
		B5F9AF98293F3A8000A056F5 /* Roboto-LightItalic.ttf in Resources */ = {isa = PBXBuildFile; fileRef = B5F9AF8C293F3A8000A056F5 /* Roboto-LightItalic.ttf */; };
		B5F9AF99293F3A8000A056F5 /* Roboto-Medium.ttf in Resources */ = {isa = PBXBuildFile; fileRef = B5F9AF8D293F3A8000A056F5 /* Roboto-Medium.ttf */; };
		B5F9AF9A293F3A8000A056F5 /* Roboto-MediumItalic.ttf in Resources */ = {isa = PBXBuildFile; fileRef = B5F9AF8E293F3A8000A056F5 /* Roboto-MediumItalic.ttf */; };
		B5F9AF9B293F3A8000A056F5 /* Roboto-Regular.ttf in Resources */ = {isa = PBXBuildFile; fileRef = B5F9AF8F293F3A8000A056F5 /* Roboto-Regular.ttf */; };
		B5F9AF9C293F3A8000A056F5 /* Roboto-ThinItalic.ttf in Resources */ = {isa = PBXBuildFile; fileRef = B5F9AF90293F3A8000A056F5 /* Roboto-ThinItalic.ttf */; };
		B5F9AF9D293F3A8000A056F5 /* Roboto-BlackItalic.ttf in Resources */ = {isa = PBXBuildFile; fileRef = B5F9AF91293F3A8000A056F5 /* Roboto-BlackItalic.ttf */; };
		B5F9AF9E293F3A8000A056F5 /* Roboto-Black.ttf in Resources */ = {isa = PBXBuildFile; fileRef = B5F9AF92293F3A8000A056F5 /* Roboto-Black.ttf */; };
		EF5026AC317E454299CFF366 /* Pods_Messenger.framework in Frameworks */ = {isa = PBXBuildFile; fileRef = 1ED054A9180B3DCBB95FEF54 /* Pods_Messenger.framework */; };
/* End PBXBuildFile section */

/* Begin PBXFileReference section */
		1ED054A9180B3DCBB95FEF54 /* Pods_Messenger.framework */ = {isa = PBXFileReference; explicitFileType = wrapper.framework; includeInIndex = 0; path = Pods_Messenger.framework; sourceTree = BUILT_PRODUCTS_DIR; };
		54BF6FB84D85E5AFCEB379BF /* Pods-Messenger.debug.xcconfig */ = {isa = PBXFileReference; includeInIndex = 1; lastKnownFileType = text.xcconfig; name = "Pods-Messenger.debug.xcconfig"; path = "Target Support Files/Pods-Messenger/Pods-Messenger.debug.xcconfig"; sourceTree = "<group>"; };
		B51F474F29407A5000BE0016 /* ChatVC.swift */ = {isa = PBXFileReference; lastKnownFileType = sourcecode.swift; path = ChatVC.swift; sourceTree = "<group>"; };
		B51F475429407B5A00BE0016 /* Model.swift */ = {isa = PBXFileReference; lastKnownFileType = sourcecode.swift; path = Model.swift; sourceTree = "<group>"; };
		B51F475F294087F900BE0016 /* Chat.swift */ = {isa = PBXFileReference; lastKnownFileType = sourcecode.swift; path = Chat.swift; sourceTree = "<group>"; };
		B51F47612940881200BE0016 /* Chat.storyboard */ = {isa = PBXFileReference; lastKnownFileType = file.storyboard; path = Chat.storyboard; sourceTree = "<group>"; };
		B51F47652940BBAB00BE0016 /* RegViewInput.swift */ = {isa = PBXFileReference; lastKnownFileType = sourcecode.swift; path = RegViewInput.swift; sourceTree = "<group>"; };
		B51F47672940BBC200BE0016 /* RegViewOutput.swift */ = {isa = PBXFileReference; lastKnownFileType = sourcecode.swift; path = RegViewOutput.swift; sourceTree = "<group>"; };
		B51F47692940BC1700BE0016 /* RegPresenter.swift */ = {isa = PBXFileReference; lastKnownFileType = sourcecode.swift; path = RegPresenter.swift; sourceTree = "<group>"; };
		B51F476C2940BC4500BE0016 /* RegInteractor.swift */ = {isa = PBXFileReference; lastKnownFileType = sourcecode.swift; path = RegInteractor.swift; sourceTree = "<group>"; };
		B51F476F2940BC8800BE0016 /* RegInteractorInput.swift */ = {isa = PBXFileReference; lastKnownFileType = sourcecode.swift; path = RegInteractorInput.swift; sourceTree = "<group>"; };
		B51F47712940BC9A00BE0016 /* RegInteractorOutput.swift */ = {isa = PBXFileReference; lastKnownFileType = sourcecode.swift; path = RegInteractorOutput.swift; sourceTree = "<group>"; };
		B51F47732940BCD200BE0016 /* RegRouter.swift */ = {isa = PBXFileReference; lastKnownFileType = sourcecode.swift; path = RegRouter.swift; sourceTree = "<group>"; };
		B51F47762940BD1E00BE0016 /* Entity.swift */ = {isa = PBXFileReference; lastKnownFileType = sourcecode.swift; path = Entity.swift; sourceTree = "<group>"; };
		B51F47792940C0AF00BE0016 /* RegRouterInput.swift */ = {isa = PBXFileReference; lastKnownFileType = sourcecode.swift; path = RegRouterInput.swift; sourceTree = "<group>"; };
		B51F477D29410F0500BE0016 /* Extensions.swift */ = {isa = PBXFileReference; lastKnownFileType = sourcecode.swift; path = Extensions.swift; sourceTree = "<group>"; };
		B51F4780294878FE00BE0016 /* CustomElements.swift */ = {isa = PBXFileReference; lastKnownFileType = sourcecode.swift; path = CustomElements.swift; sourceTree = "<group>"; };
		B51F478229488E0C00BE0016 /* SupportConstants.swift */ = {isa = PBXFileReference; lastKnownFileType = sourcecode.swift; path = SupportConstants.swift; sourceTree = "<group>"; };
		B51F47872948D82F00BE0016 /* VerificationViewController.swift */ = {isa = PBXFileReference; lastKnownFileType = sourcecode.swift; path = VerificationViewController.swift; sourceTree = "<group>"; };
		B57CC4FD293F9410000AAE7E /* ChatList.storyboard */ = {isa = PBXFileReference; lastKnownFileType = file.storyboard; path = ChatList.storyboard; sourceTree = "<group>"; };
		B57CC4FF293F944E000AAE7E /* ChatListViewController.swift */ = {isa = PBXFileReference; lastKnownFileType = sourcecode.swift; path = ChatListViewController.swift; sourceTree = "<group>"; };
		B589D44C293F1D2E00198385 /* Messenger.app */ = {isa = PBXFileReference; explicitFileType = wrapper.application; includeInIndex = 0; path = Messenger.app; sourceTree = BUILT_PRODUCTS_DIR; };
		B589D44F293F1D2E00198385 /* AppDelegate.swift */ = {isa = PBXFileReference; lastKnownFileType = sourcecode.swift; path = AppDelegate.swift; sourceTree = "<group>"; };
		B589D451293F1D2E00198385 /* SceneDelegate.swift */ = {isa = PBXFileReference; lastKnownFileType = sourcecode.swift; path = SceneDelegate.swift; sourceTree = "<group>"; };
		B589D453293F1D2E00198385 /* WelcomeViewController.swift */ = {isa = PBXFileReference; lastKnownFileType = sourcecode.swift; path = WelcomeViewController.swift; sourceTree = "<group>"; };
		B589D459293F1D2E00198385 /* Messenger.xcdatamodel */ = {isa = PBXFileReference; lastKnownFileType = wrapper.xcdatamodel; path = Messenger.xcdatamodel; sourceTree = "<group>"; };
		B589D45B293F1D3000198385 /* Assets.xcassets */ = {isa = PBXFileReference; lastKnownFileType = folder.assetcatalog; path = Assets.xcassets; sourceTree = "<group>"; };
		B589D45E293F1D3000198385 /* Base */ = {isa = PBXFileReference; lastKnownFileType = file.storyboard; name = Base; path = Base.lproj/LaunchScreen.storyboard; sourceTree = "<group>"; };
		B589D460293F1D3000198385 /* Info.plist */ = {isa = PBXFileReference; lastKnownFileType = text.plist.xml; path = Info.plist; sourceTree = "<group>"; };
		B589D468293F279000198385 /* GoogleService-Info.plist */ = {isa = PBXFileReference; fileEncoding = 4; lastKnownFileType = text.plist.xml; path = "GoogleService-Info.plist"; sourceTree = "<group>"; };
		B589D6A2293F6B1E00A0EEF2 /* RegistrationViewController.swift */ = {isa = PBXFileReference; lastKnownFileType = sourcecode.swift; path = RegistrationViewController.swift; sourceTree = "<group>"; };
		B589D6A4293F6B4A00A0EEF2 /* AuthorizationViewController.swift */ = {isa = PBXFileReference; lastKnownFileType = sourcecode.swift; path = AuthorizationViewController.swift; sourceTree = "<group>"; };
		B589D6A6293F6B8A00A0EEF2 /* ProfileViewController.swift */ = {isa = PBXFileReference; lastKnownFileType = sourcecode.swift; path = ProfileViewController.swift; sourceTree = "<group>"; };
		B589D6A8293F6BAC00A0EEF2 /* EditProfile.storyboard */ = {isa = PBXFileReference; lastKnownFileType = file.storyboard; path = EditProfile.storyboard; sourceTree = "<group>"; };
		B589D6AA293F6BD600A0EEF2 /* EditProfileViewController.swift */ = {isa = PBXFileReference; lastKnownFileType = sourcecode.swift; path = EditProfileViewController.swift; sourceTree = "<group>"; };
		B5F9AF87293F3A8000A056F5 /* Roboto-Light.ttf */ = {isa = PBXFileReference; lastKnownFileType = file; name = "Roboto-Light.ttf"; path = "../../../../../Downloads/Roboto/Roboto-Light.ttf"; sourceTree = "<group>"; };
		B5F9AF88293F3A8000A056F5 /* Roboto-Italic.ttf */ = {isa = PBXFileReference; lastKnownFileType = file; name = "Roboto-Italic.ttf"; path = "../../../../../Downloads/Roboto/Roboto-Italic.ttf"; sourceTree = "<group>"; };
		B5F9AF89293F3A8000A056F5 /* Roboto-Thin.ttf */ = {isa = PBXFileReference; lastKnownFileType = file; name = "Roboto-Thin.ttf"; path = "../../../../../Downloads/Roboto/Roboto-Thin.ttf"; sourceTree = "<group>"; };
		B5F9AF8A293F3A8000A056F5 /* Roboto-BoldItalic.ttf */ = {isa = PBXFileReference; lastKnownFileType = file; name = "Roboto-BoldItalic.ttf"; path = "../../../../../Downloads/Roboto/Roboto-BoldItalic.ttf"; sourceTree = "<group>"; };
		B5F9AF8B293F3A8000A056F5 /* Roboto-Bold.ttf */ = {isa = PBXFileReference; lastKnownFileType = file; name = "Roboto-Bold.ttf"; path = "../../../../../Downloads/Roboto/Roboto-Bold.ttf"; sourceTree = "<group>"; };
		B5F9AF8C293F3A8000A056F5 /* Roboto-LightItalic.ttf */ = {isa = PBXFileReference; lastKnownFileType = file; name = "Roboto-LightItalic.ttf"; path = "../../../../../Downloads/Roboto/Roboto-LightItalic.ttf"; sourceTree = "<group>"; };
		B5F9AF8D293F3A8000A056F5 /* Roboto-Medium.ttf */ = {isa = PBXFileReference; lastKnownFileType = file; name = "Roboto-Medium.ttf"; path = "../../../../../Downloads/Roboto/Roboto-Medium.ttf"; sourceTree = "<group>"; };
		B5F9AF8E293F3A8000A056F5 /* Roboto-MediumItalic.ttf */ = {isa = PBXFileReference; lastKnownFileType = file; name = "Roboto-MediumItalic.ttf"; path = "../../../../../Downloads/Roboto/Roboto-MediumItalic.ttf"; sourceTree = "<group>"; };
		B5F9AF8F293F3A8000A056F5 /* Roboto-Regular.ttf */ = {isa = PBXFileReference; lastKnownFileType = file; name = "Roboto-Regular.ttf"; path = "../../../../../Downloads/Roboto/Roboto-Regular.ttf"; sourceTree = "<group>"; };
		B5F9AF90293F3A8000A056F5 /* Roboto-ThinItalic.ttf */ = {isa = PBXFileReference; lastKnownFileType = file; name = "Roboto-ThinItalic.ttf"; path = "../../../../../Downloads/Roboto/Roboto-ThinItalic.ttf"; sourceTree = "<group>"; };
		B5F9AF91293F3A8000A056F5 /* Roboto-BlackItalic.ttf */ = {isa = PBXFileReference; lastKnownFileType = file; name = "Roboto-BlackItalic.ttf"; path = "../../../../../Downloads/Roboto/Roboto-BlackItalic.ttf"; sourceTree = "<group>"; };
		B5F9AF92293F3A8000A056F5 /* Roboto-Black.ttf */ = {isa = PBXFileReference; lastKnownFileType = file; name = "Roboto-Black.ttf"; path = "../../../../../Downloads/Roboto/Roboto-Black.ttf"; sourceTree = "<group>"; };
		E33EA175352E77EBAC617E83 /* Pods-Messenger.release.xcconfig */ = {isa = PBXFileReference; includeInIndex = 1; lastKnownFileType = text.xcconfig; name = "Pods-Messenger.release.xcconfig"; path = "Target Support Files/Pods-Messenger/Pods-Messenger.release.xcconfig"; sourceTree = "<group>"; };
/* End PBXFileReference section */

/* Begin PBXFrameworksBuildPhase section */
		B589D449293F1D2E00198385 /* Frameworks */ = {
			isa = PBXFrameworksBuildPhase;
			buildActionMask = 2147483647;
			files = (
				EF5026AC317E454299CFF366 /* Pods_Messenger.framework in Frameworks */,
				B51F474E2940766900BE0016 /* MessageKit in Frameworks */,
			);
			runOnlyForDeploymentPostprocessing = 0;
		};
/* End PBXFrameworksBuildPhase section */

/* Begin PBXGroup section */
		0595FCBDCA1EE654B885EAEF /* Pods */ = {
			isa = PBXGroup;
			children = (
				54BF6FB84D85E5AFCEB379BF /* Pods-Messenger.debug.xcconfig */,
				E33EA175352E77EBAC617E83 /* Pods-Messenger.release.xcconfig */,
			);
			path = Pods;
			sourceTree = "<group>";
		};
		381BC8F70636892BB597144E /* Frameworks */ = {
			isa = PBXGroup;
			children = (
				1ED054A9180B3DCBB95FEF54 /* Pods_Messenger.framework */,
			);
			name = Frameworks;
			sourceTree = "<group>";
		};
		B51F475129407B3800BE0016 /* ChatVC */ = {
			isa = PBXGroup;
			children = (
				B51F475E294087E500BE0016 /* ChatList */,
				B51F47632940881A00BE0016 /* Chat */,
			);
			path = ChatVC;
			sourceTree = "<group>";
		};
		B51F47562940849400BE0016 /* LoginControllers */ = {
			isa = PBXGroup;
			children = (
				B51F475B294085A200BE0016 /* WelcomeVC */,
				B51F475C294085BB00BE0016 /* RegistrationVC */,
				B51F475D294085CC00BE0016 /* AuthorizationVC */,
			);
			path = LoginControllers;
			sourceTree = "<group>";
		};
		B51F4757294084D500BE0016 /* AppControllers */ = {
			isa = PBXGroup;
			children = (
				B51F475129407B3800BE0016 /* ChatVC */,
				B51F47582940852500BE0016 /* ProfileControllers */,
			);
			path = AppControllers;
			sourceTree = "<group>";
		};
		B51F47582940852500BE0016 /* ProfileControllers */ = {
			isa = PBXGroup;
			children = (
				B51F47592940853B00BE0016 /* ProfileVC */,
				B51F475A2940854400BE0016 /* EdirProfileVC */,
			);
			path = ProfileControllers;
			sourceTree = "<group>";
		};
		B51F47592940853B00BE0016 /* ProfileVC */ = {
			isa = PBXGroup;
			children = (
				B589D6A6293F6B8A00A0EEF2 /* ProfileViewController.swift */,
			);
			path = ProfileVC;
			sourceTree = "<group>";
		};
		B51F475A2940854400BE0016 /* EdirProfileVC */ = {
			isa = PBXGroup;
			children = (
				B589D6A8293F6BAC00A0EEF2 /* EditProfile.storyboard */,
				B589D6AA293F6BD600A0EEF2 /* EditProfileViewController.swift */,
			);
			path = EdirProfileVC;
			sourceTree = "<group>";
		};
		B51F475B294085A200BE0016 /* WelcomeVC */ = {
			isa = PBXGroup;
			children = (
				B589D453293F1D2E00198385 /* WelcomeViewController.swift */,
			);
			path = WelcomeVC;
			sourceTree = "<group>";
		};
		B51F475C294085BB00BE0016 /* RegistrationVC */ = {
			isa = PBXGroup;
			children = (
				B51F47642940BACB00BE0016 /* View */,
				B51F476B2940BC1B00BE0016 /* Presenter */,
				B51F476E2940BC4B00BE0016 /* Interactor */,
				B51F47752940BCD600BE0016 /* Router */,
				B51F47782940BD2800BE0016 /* Entity */,
			);
			path = RegistrationVC;
			sourceTree = "<group>";
		};
		B51F475D294085CC00BE0016 /* AuthorizationVC */ = {
			isa = PBXGroup;
			children = (
				B589D6A4293F6B4A00A0EEF2 /* AuthorizationViewController.swift */,
				B51F47872948D82F00BE0016 /* VerificationViewController.swift */,
			);
			path = AuthorizationVC;
			sourceTree = "<group>";
		};
		B51F475E294087E500BE0016 /* ChatList */ = {
			isa = PBXGroup;
			children = (
				B57CC4FD293F9410000AAE7E /* ChatList.storyboard */,
				B57CC4FF293F944E000AAE7E /* ChatListViewController.swift */,
				B51F474F29407A5000BE0016 /* ChatVC.swift */,
				B51F475429407B5A00BE0016 /* Model.swift */,
			);
			path = ChatList;
			sourceTree = "<group>";
		};
		B51F47632940881A00BE0016 /* Chat */ = {
			isa = PBXGroup;
			children = (
				B51F475F294087F900BE0016 /* Chat.swift */,
				B51F47612940881200BE0016 /* Chat.storyboard */,
			);
			path = Chat;
			sourceTree = "<group>";
		};
		B51F47642940BACB00BE0016 /* View */ = {
			isa = PBXGroup;
			children = (
				B589D6A2293F6B1E00A0EEF2 /* RegistrationViewController.swift */,
				B51F47652940BBAB00BE0016 /* RegViewInput.swift */,
				B51F47672940BBC200BE0016 /* RegViewOutput.swift */,
			);
			path = View;
			sourceTree = "<group>";
		};
		B51F476B2940BC1B00BE0016 /* Presenter */ = {
			isa = PBXGroup;
			children = (
				B51F47692940BC1700BE0016 /* RegPresenter.swift */,
			);
			path = Presenter;
			sourceTree = "<group>";
		};
		B51F476E2940BC4B00BE0016 /* Interactor */ = {
			isa = PBXGroup;
			children = (
				B51F476C2940BC4500BE0016 /* RegInteractor.swift */,
				B51F476F2940BC8800BE0016 /* RegInteractorInput.swift */,
				B51F47712940BC9A00BE0016 /* RegInteractorOutput.swift */,
			);
			path = Interactor;
			sourceTree = "<group>";
		};
		B51F47752940BCD600BE0016 /* Router */ = {
			isa = PBXGroup;
			children = (
				B51F47732940BCD200BE0016 /* RegRouter.swift */,
				B51F47792940C0AF00BE0016 /* RegRouterInput.swift */,
			);
			path = Router;
			sourceTree = "<group>";
		};
		B51F47782940BD2800BE0016 /* Entity */ = {
			isa = PBXGroup;
			children = (
				B51F47762940BD1E00BE0016 /* Entity.swift */,
			);
			path = Entity;
			sourceTree = "<group>";
		};
		B51F477F29410F0D00BE0016 /* Extensions */ = {
			isa = PBXGroup;
			children = (
				B51F477D29410F0500BE0016 /* Extensions.swift */,
			);
			path = Extensions;
			sourceTree = "<group>";
		};
		B51F47842948909300BE0016 /* SupportFiles */ = {
			isa = PBXGroup;
			children = (
				B51F4780294878FE00BE0016 /* CustomElements.swift */,
				B51F478229488E0C00BE0016 /* SupportConstants.swift */,
			);
			path = SupportFiles;
			sourceTree = "<group>";
		};
		B589D443293F1D2E00198385 = {
			isa = PBXGroup;
			children = (
				B589D44E293F1D2E00198385 /* Messenger */,
				B589D44D293F1D2E00198385 /* Products */,
				0595FCBDCA1EE654B885EAEF /* Pods */,
				381BC8F70636892BB597144E /* Frameworks */,
			);
			sourceTree = "<group>";
		};
		B589D44D293F1D2E00198385 /* Products */ = {
			isa = PBXGroup;
			children = (
				B589D44C293F1D2E00198385 /* Messenger.app */,
			);
			name = Products;
			sourceTree = "<group>";
		};
		B589D44E293F1D2E00198385 /* Messenger */ = {
			isa = PBXGroup;
			children = (
				B589D467293F1DC300198385 /* Resources */,
				B589D466293F1D9F00198385 /* Application */,
				B589D458293F1D2E00198385 /* Messenger.xcdatamodeld */,
				B589D468293F279000198385 /* GoogleService-Info.plist */,
			);
			path = Messenger;
			sourceTree = "<group>";
		};
		B589D466293F1D9F00198385 /* Application */ = {
			isa = PBXGroup;
			children = (
				B589D44F293F1D2E00198385 /* AppDelegate.swift */,
				B589D451293F1D2E00198385 /* SceneDelegate.swift */,
				B51F47842948909300BE0016 /* SupportFiles */,
				B51F477F29410F0D00BE0016 /* Extensions */,
				B589D45D293F1D3000198385 /* LaunchScreen.storyboard */,
				B51F47562940849400BE0016 /* LoginControllers */,
				B51F4757294084D500BE0016 /* AppControllers */,
			);
			path = Application;
			sourceTree = "<group>";
		};
		B589D467293F1DC300198385 /* Resources */ = {
			isa = PBXGroup;
			children = (
				B5F9AF86293F3A4D00A056F5 /* Fonts-Roboto */,
				B589D45B293F1D3000198385 /* Assets.xcassets */,
				B589D460293F1D3000198385 /* Info.plist */,
			);
			path = Resources;
			sourceTree = "<group>";
		};
		B5F9AF86293F3A4D00A056F5 /* Fonts-Roboto */ = {
			isa = PBXGroup;
			children = (
				B5F9AF92293F3A8000A056F5 /* Roboto-Black.ttf */,
				B5F9AF91293F3A8000A056F5 /* Roboto-BlackItalic.ttf */,
				B5F9AF8B293F3A8000A056F5 /* Roboto-Bold.ttf */,
				B5F9AF8A293F3A8000A056F5 /* Roboto-BoldItalic.ttf */,
				B5F9AF88293F3A8000A056F5 /* Roboto-Italic.ttf */,
				B5F9AF87293F3A8000A056F5 /* Roboto-Light.ttf */,
				B5F9AF8C293F3A8000A056F5 /* Roboto-LightItalic.ttf */,
				B5F9AF8D293F3A8000A056F5 /* Roboto-Medium.ttf */,
				B5F9AF8E293F3A8000A056F5 /* Roboto-MediumItalic.ttf */,
				B5F9AF8F293F3A8000A056F5 /* Roboto-Regular.ttf */,
				B5F9AF89293F3A8000A056F5 /* Roboto-Thin.ttf */,
				B5F9AF90293F3A8000A056F5 /* Roboto-ThinItalic.ttf */,
			);
			path = "Fonts-Roboto";
			sourceTree = "<group>";
		};
/* End PBXGroup section */

/* Begin PBXNativeTarget section */
		B589D44B293F1D2E00198385 /* Messenger */ = {
			isa = PBXNativeTarget;
			buildConfigurationList = B589D463293F1D3000198385 /* Build configuration list for PBXNativeTarget "Messenger" */;
			buildPhases = (
				7FA82F4DE78782D91A3C60F7 /* [CP] Check Pods Manifest.lock */,
				B589D448293F1D2E00198385 /* Sources */,
				B589D449293F1D2E00198385 /* Frameworks */,
				B589D44A293F1D2E00198385 /* Resources */,
				D79F14FF5E9EB74F410B6299 /* [CP] Embed Pods Frameworks */,
			);
			buildRules = (
			);
			dependencies = (
			);
			name = Messenger;
			packageProductDependencies = (
				B51F474D2940766900BE0016 /* MessageKit */,
			);
			productName = Messenger;
			productReference = B589D44C293F1D2E00198385 /* Messenger.app */;
			productType = "com.apple.product-type.application";
		};
/* End PBXNativeTarget section */

/* Begin PBXProject section */
		B589D444293F1D2E00198385 /* Project object */ = {
			isa = PBXProject;
			attributes = {
				BuildIndependentTargetsInParallel = 1;
				LastSwiftUpdateCheck = 1410;
				LastUpgradeCheck = 1410;
				TargetAttributes = {
					B589D44B293F1D2E00198385 = {
						CreatedOnToolsVersion = 14.1;
					};
				};
			};
			buildConfigurationList = B589D447293F1D2E00198385 /* Build configuration list for PBXProject "Messenger" */;
			compatibilityVersion = "Xcode 13.0";
			developmentRegion = en;
			hasScannedForEncodings = 0;
			knownRegions = (
				en,
				Base,
			);
			mainGroup = B589D443293F1D2E00198385;
			packageReferences = (
				B51F474C2940766900BE0016 /* XCRemoteSwiftPackageReference "MessageKit" */,
			);
			productRefGroup = B589D44D293F1D2E00198385 /* Products */;
			projectDirPath = "";
			projectRoot = "";
			targets = (
				B589D44B293F1D2E00198385 /* Messenger */,
			);
		};
/* End PBXProject section */

/* Begin PBXResourcesBuildPhase section */
		B589D44A293F1D2E00198385 /* Resources */ = {
			isa = PBXResourcesBuildPhase;
			buildActionMask = 2147483647;
			files = (
				B57CC4FE293F9410000AAE7E /* ChatList.storyboard in Resources */,
				B5F9AF9C293F3A8000A056F5 /* Roboto-ThinItalic.ttf in Resources */,
				B5F9AF96293F3A8000A056F5 /* Roboto-BoldItalic.ttf in Resources */,
				B5F9AF98293F3A8000A056F5 /* Roboto-LightItalic.ttf in Resources */,
				B5F9AF9A293F3A8000A056F5 /* Roboto-MediumItalic.ttf in Resources */,
				B5F9AF95293F3A8000A056F5 /* Roboto-Thin.ttf in Resources */,
				B5F9AF9E293F3A8000A056F5 /* Roboto-Black.ttf in Resources */,
				B5F9AF97293F3A8000A056F5 /* Roboto-Bold.ttf in Resources */,
				B589D45F293F1D3000198385 /* LaunchScreen.storyboard in Resources */,
				B5F9AF9D293F3A8000A056F5 /* Roboto-BlackItalic.ttf in Resources */,
				B51F47622940881200BE0016 /* Chat.storyboard in Resources */,
				B5F9AF93293F3A8000A056F5 /* Roboto-Light.ttf in Resources */,
				B5F9AF9B293F3A8000A056F5 /* Roboto-Regular.ttf in Resources */,
				B589D469293F279000198385 /* GoogleService-Info.plist in Resources */,
				B5F9AF99293F3A8000A056F5 /* Roboto-Medium.ttf in Resources */,
				B589D6A9293F6BAC00A0EEF2 /* EditProfile.storyboard in Resources */,
				B5F9AF94293F3A8000A056F5 /* Roboto-Italic.ttf in Resources */,
				B589D45C293F1D3000198385 /* Assets.xcassets in Resources */,
			);
			runOnlyForDeploymentPostprocessing = 0;
		};
/* End PBXResourcesBuildPhase section */

/* Begin PBXShellScriptBuildPhase section */
		7FA82F4DE78782D91A3C60F7 /* [CP] Check Pods Manifest.lock */ = {
			isa = PBXShellScriptBuildPhase;
			buildActionMask = 2147483647;
			files = (
			);
			inputFileListPaths = (
			);
			inputPaths = (
				"${PODS_PODFILE_DIR_PATH}/Podfile.lock",
				"${PODS_ROOT}/Manifest.lock",
			);
			name = "[CP] Check Pods Manifest.lock";
			outputFileListPaths = (
			);
			outputPaths = (
				"$(DERIVED_FILE_DIR)/Pods-Messenger-checkManifestLockResult.txt",
			);
			runOnlyForDeploymentPostprocessing = 0;
			shellPath = /bin/sh;
			shellScript = "diff \"${PODS_PODFILE_DIR_PATH}/Podfile.lock\" \"${PODS_ROOT}/Manifest.lock\" > /dev/null\nif [ $? != 0 ] ; then\n    # print error to STDERR\n    echo \"error: The sandbox is not in sync with the Podfile.lock. Run 'pod install' or update your CocoaPods installation.\" >&2\n    exit 1\nfi\n# This output is used by Xcode 'outputs' to avoid re-running this script phase.\necho \"SUCCESS\" > \"${SCRIPT_OUTPUT_FILE_0}\"\n";
			showEnvVarsInLog = 0;
		};
		D79F14FF5E9EB74F410B6299 /* [CP] Embed Pods Frameworks */ = {
			isa = PBXShellScriptBuildPhase;
			buildActionMask = 2147483647;
			files = (
			);
			inputFileListPaths = (
				"${PODS_ROOT}/Target Support Files/Pods-Messenger/Pods-Messenger-frameworks-${CONFIGURATION}-input-files.xcfilelist",
			);
			name = "[CP] Embed Pods Frameworks";
			outputFileListPaths = (
				"${PODS_ROOT}/Target Support Files/Pods-Messenger/Pods-Messenger-frameworks-${CONFIGURATION}-output-files.xcfilelist",
			);
			runOnlyForDeploymentPostprocessing = 0;
			shellPath = /bin/sh;
			shellScript = "\"${PODS_ROOT}/Target Support Files/Pods-Messenger/Pods-Messenger-frameworks.sh\"\n";
			showEnvVarsInLog = 0;
		};
/* End PBXShellScriptBuildPhase section */

/* Begin PBXSourcesBuildPhase section */
		B589D448293F1D2E00198385 /* Sources */ = {
			isa = PBXSourcesBuildPhase;
			buildActionMask = 2147483647;
			files = (
				B51F47682940BBC200BE0016 /* RegViewOutput.swift in Sources */,
				B589D6AB293F6BD600A0EEF2 /* EditProfileViewController.swift in Sources */,
				B51F47662940BBAB00BE0016 /* RegViewInput.swift in Sources */,
				B51F478329488E0C00BE0016 /* SupportConstants.swift in Sources */,
				B51F4760294087F900BE0016 /* Chat.swift in Sources */,
				B589D6A5293F6B4A00A0EEF2 /* AuthorizationViewController.swift in Sources */,
				B51F47742940BCD200BE0016 /* RegRouter.swift in Sources */,
				B589D454293F1D2E00198385 /* WelcomeViewController.swift in Sources */,
				B51F47702940BC8800BE0016 /* RegInteractorInput.swift in Sources */,
				B51F476D2940BC4500BE0016 /* RegInteractor.swift in Sources */,
				B51F477E29410F0500BE0016 /* Extensions.swift in Sources */,
				B589D450293F1D2E00198385 /* AppDelegate.swift in Sources */,
				B51F47882948D82F00BE0016 /* VerificationViewController.swift in Sources */,
				B51F475029407A5000BE0016 /* ChatVC.swift in Sources */,
				B589D452293F1D2E00198385 /* SceneDelegate.swift in Sources */,
				B589D6A7293F6B8A00A0EEF2 /* ProfileViewController.swift in Sources */,
				B51F476A2940BC1700BE0016 /* RegPresenter.swift in Sources */,
				B589D45A293F1D2E00198385 /* Messenger.xcdatamodeld in Sources */,
				B51F475529407B5A00BE0016 /* Model.swift in Sources */,
				B51F4781294878FE00BE0016 /* CustomElements.swift in Sources */,
				B51F47772940BD1E00BE0016 /* Entity.swift in Sources */,
				B57CC500293F944E000AAE7E /* ChatListViewController.swift in Sources */,
				B51F477A2940C0AF00BE0016 /* RegRouterInput.swift in Sources */,
				B51F47722940BC9A00BE0016 /* RegInteractorOutput.swift in Sources */,
				B589D6A3293F6B1E00A0EEF2 /* RegistrationViewController.swift in Sources */,
			);
			runOnlyForDeploymentPostprocessing = 0;
		};
/* End PBXSourcesBuildPhase section */

/* Begin PBXVariantGroup section */
		B589D45D293F1D3000198385 /* LaunchScreen.storyboard */ = {
			isa = PBXVariantGroup;
			children = (
				B589D45E293F1D3000198385 /* Base */,
			);
			name = LaunchScreen.storyboard;
			sourceTree = "<group>";
		};
/* End PBXVariantGroup section */

/* Begin XCBuildConfiguration section */
		B589D461293F1D3000198385 /* Debug */ = {
			isa = XCBuildConfiguration;
			buildSettings = {
				ALWAYS_SEARCH_USER_PATHS = NO;
				CLANG_ANALYZER_NONNULL = YES;
				CLANG_ANALYZER_NUMBER_OBJECT_CONVERSION = YES_AGGRESSIVE;
				CLANG_CXX_LANGUAGE_STANDARD = "gnu++20";
				CLANG_ENABLE_MODULES = YES;
				CLANG_ENABLE_OBJC_ARC = YES;
				CLANG_ENABLE_OBJC_WEAK = YES;
				CLANG_WARN_BLOCK_CAPTURE_AUTORELEASING = YES;
				CLANG_WARN_BOOL_CONVERSION = YES;
				CLANG_WARN_COMMA = YES;
				CLANG_WARN_CONSTANT_CONVERSION = YES;
				CLANG_WARN_DEPRECATED_OBJC_IMPLEMENTATIONS = YES;
				CLANG_WARN_DIRECT_OBJC_ISA_USAGE = YES_ERROR;
				CLANG_WARN_DOCUMENTATION_COMMENTS = YES;
				CLANG_WARN_EMPTY_BODY = YES;
				CLANG_WARN_ENUM_CONVERSION = YES;
				CLANG_WARN_INFINITE_RECURSION = YES;
				CLANG_WARN_INT_CONVERSION = YES;
				CLANG_WARN_NON_LITERAL_NULL_CONVERSION = YES;
				CLANG_WARN_OBJC_IMPLICIT_RETAIN_SELF = YES;
				CLANG_WARN_OBJC_LITERAL_CONVERSION = YES;
				CLANG_WARN_OBJC_ROOT_CLASS = YES_ERROR;
				CLANG_WARN_QUOTED_INCLUDE_IN_FRAMEWORK_HEADER = YES;
				CLANG_WARN_RANGE_LOOP_ANALYSIS = YES;
				CLANG_WARN_STRICT_PROTOTYPES = YES;
				CLANG_WARN_SUSPICIOUS_MOVE = YES;
				CLANG_WARN_UNGUARDED_AVAILABILITY = YES_AGGRESSIVE;
				CLANG_WARN_UNREACHABLE_CODE = YES;
				CLANG_WARN__DUPLICATE_METHOD_MATCH = YES;
				COPY_PHASE_STRIP = NO;
				DEBUG_INFORMATION_FORMAT = dwarf;
				ENABLE_STRICT_OBJC_MSGSEND = YES;
				ENABLE_TESTABILITY = YES;
				GCC_C_LANGUAGE_STANDARD = gnu11;
				GCC_DYNAMIC_NO_PIC = NO;
				GCC_NO_COMMON_BLOCKS = YES;
				GCC_OPTIMIZATION_LEVEL = 0;
				GCC_PREPROCESSOR_DEFINITIONS = (
					"DEBUG=1",
					"$(inherited)",
				);
				GCC_WARN_64_TO_32_BIT_CONVERSION = YES;
				GCC_WARN_ABOUT_RETURN_TYPE = YES_ERROR;
				GCC_WARN_UNDECLARED_SELECTOR = YES;
				GCC_WARN_UNINITIALIZED_AUTOS = YES_AGGRESSIVE;
				GCC_WARN_UNUSED_FUNCTION = YES;
				GCC_WARN_UNUSED_VARIABLE = YES;
				IPHONEOS_DEPLOYMENT_TARGET = 16.1;
				MTL_ENABLE_DEBUG_INFO = INCLUDE_SOURCE;
				MTL_FAST_MATH = YES;
				ONLY_ACTIVE_ARCH = YES;
				SDKROOT = iphoneos;
				SWIFT_ACTIVE_COMPILATION_CONDITIONS = DEBUG;
				SWIFT_OPTIMIZATION_LEVEL = "-Onone";
			};
			name = Debug;
		};
		B589D462293F1D3000198385 /* Release */ = {
			isa = XCBuildConfiguration;
			buildSettings = {
				ALWAYS_SEARCH_USER_PATHS = NO;
				CLANG_ANALYZER_NONNULL = YES;
				CLANG_ANALYZER_NUMBER_OBJECT_CONVERSION = YES_AGGRESSIVE;
				CLANG_CXX_LANGUAGE_STANDARD = "gnu++20";
				CLANG_ENABLE_MODULES = YES;
				CLANG_ENABLE_OBJC_ARC = YES;
				CLANG_ENABLE_OBJC_WEAK = YES;
				CLANG_WARN_BLOCK_CAPTURE_AUTORELEASING = YES;
				CLANG_WARN_BOOL_CONVERSION = YES;
				CLANG_WARN_COMMA = YES;
				CLANG_WARN_CONSTANT_CONVERSION = YES;
				CLANG_WARN_DEPRECATED_OBJC_IMPLEMENTATIONS = YES;
				CLANG_WARN_DIRECT_OBJC_ISA_USAGE = YES_ERROR;
				CLANG_WARN_DOCUMENTATION_COMMENTS = YES;
				CLANG_WARN_EMPTY_BODY = YES;
				CLANG_WARN_ENUM_CONVERSION = YES;
				CLANG_WARN_INFINITE_RECURSION = YES;
				CLANG_WARN_INT_CONVERSION = YES;
				CLANG_WARN_NON_LITERAL_NULL_CONVERSION = YES;
				CLANG_WARN_OBJC_IMPLICIT_RETAIN_SELF = YES;
				CLANG_WARN_OBJC_LITERAL_CONVERSION = YES;
				CLANG_WARN_OBJC_ROOT_CLASS = YES_ERROR;
				CLANG_WARN_QUOTED_INCLUDE_IN_FRAMEWORK_HEADER = YES;
				CLANG_WARN_RANGE_LOOP_ANALYSIS = YES;
				CLANG_WARN_STRICT_PROTOTYPES = YES;
				CLANG_WARN_SUSPICIOUS_MOVE = YES;
				CLANG_WARN_UNGUARDED_AVAILABILITY = YES_AGGRESSIVE;
				CLANG_WARN_UNREACHABLE_CODE = YES;
				CLANG_WARN__DUPLICATE_METHOD_MATCH = YES;
				COPY_PHASE_STRIP = NO;
				DEBUG_INFORMATION_FORMAT = "dwarf-with-dsym";
				ENABLE_NS_ASSERTIONS = NO;
				ENABLE_STRICT_OBJC_MSGSEND = YES;
				GCC_C_LANGUAGE_STANDARD = gnu11;
				GCC_NO_COMMON_BLOCKS = YES;
				GCC_WARN_64_TO_32_BIT_CONVERSION = YES;
				GCC_WARN_ABOUT_RETURN_TYPE = YES_ERROR;
				GCC_WARN_UNDECLARED_SELECTOR = YES;
				GCC_WARN_UNINITIALIZED_AUTOS = YES_AGGRESSIVE;
				GCC_WARN_UNUSED_FUNCTION = YES;
				GCC_WARN_UNUSED_VARIABLE = YES;
				IPHONEOS_DEPLOYMENT_TARGET = 16.1;
				MTL_ENABLE_DEBUG_INFO = NO;
				MTL_FAST_MATH = YES;
				SDKROOT = iphoneos;
				SWIFT_COMPILATION_MODE = wholemodule;
				SWIFT_OPTIMIZATION_LEVEL = "-O";
				VALIDATE_PRODUCT = YES;
			};
			name = Release;
		};
		B589D464293F1D3000198385 /* Debug */ = {
			isa = XCBuildConfiguration;
			baseConfigurationReference = 54BF6FB84D85E5AFCEB379BF /* Pods-Messenger.debug.xcconfig */;
			buildSettings = {
				ASSETCATALOG_COMPILER_APPICON_NAME = AppIcon;
				ASSETCATALOG_COMPILER_GLOBAL_ACCENT_COLOR_NAME = AccentColor;
				CODE_SIGN_STYLE = Automatic;
				CURRENT_PROJECT_VERSION = 1;
				DEVELOPMENT_TEAM = W87MFURSJ5;
				GENERATE_INFOPLIST_FILE = YES;
				INFOPLIST_FILE = Messenger/Resources/Info.plist;
				INFOPLIST_KEY_UIApplicationSupportsIndirectInputEvents = YES;
				INFOPLIST_KEY_UILaunchStoryboardName = LaunchScreen;
				INFOPLIST_KEY_UIMainStoryboardFile = "";
				INFOPLIST_KEY_UISupportedInterfaceOrientations = UIInterfaceOrientationPortrait;
				IPHONEOS_DEPLOYMENT_TARGET = 13.0;
				LD_RUNPATH_SEARCH_PATHS = (
					"$(inherited)",
					"@executable_path/Frameworks",
				);
				MARKETING_VERSION = 1.0;
				PRODUCT_BUNDLE_IDENTIFIER = Komigen.Messenger;
				PRODUCT_NAME = "$(TARGET_NAME)";
				SUPPORTED_PLATFORMS = "iphoneos iphonesimulator";
				SUPPORTS_MACCATALYST = NO;
				SUPPORTS_MAC_DESIGNED_FOR_IPHONE_IPAD = NO;
				SWIFT_EMIT_LOC_STRINGS = YES;
				SWIFT_VERSION = 5.0;
				TARGETED_DEVICE_FAMILY = 1;
			};
			name = Debug;
		};
		B589D465293F1D3000198385 /* Release */ = {
			isa = XCBuildConfiguration;
			baseConfigurationReference = E33EA175352E77EBAC617E83 /* Pods-Messenger.release.xcconfig */;
			buildSettings = {
				ASSETCATALOG_COMPILER_APPICON_NAME = AppIcon;
				ASSETCATALOG_COMPILER_GLOBAL_ACCENT_COLOR_NAME = AccentColor;
				CODE_SIGN_STYLE = Automatic;
				CURRENT_PROJECT_VERSION = 1;
				DEVELOPMENT_TEAM = W87MFURSJ5;
				GENERATE_INFOPLIST_FILE = YES;
				INFOPLIST_FILE = Messenger/Resources/Info.plist;
				INFOPLIST_KEY_UIApplicationSupportsIndirectInputEvents = YES;
				INFOPLIST_KEY_UILaunchStoryboardName = LaunchScreen;
				INFOPLIST_KEY_UIMainStoryboardFile = "";
				INFOPLIST_KEY_UISupportedInterfaceOrientations = UIInterfaceOrientationPortrait;
				IPHONEOS_DEPLOYMENT_TARGET = 13.0;
				LD_RUNPATH_SEARCH_PATHS = (
					"$(inherited)",
					"@executable_path/Frameworks",
				);
				MARKETING_VERSION = 1.0;
				PRODUCT_BUNDLE_IDENTIFIER = Komigen.Messenger;
				PRODUCT_NAME = "$(TARGET_NAME)";
				SUPPORTED_PLATFORMS = "iphoneos iphonesimulator";
				SUPPORTS_MACCATALYST = NO;
				SUPPORTS_MAC_DESIGNED_FOR_IPHONE_IPAD = NO;
				SWIFT_EMIT_LOC_STRINGS = YES;
				SWIFT_VERSION = 5.0;
				TARGETED_DEVICE_FAMILY = 1;
			};
			name = Release;
		};
/* End XCBuildConfiguration section */

/* Begin XCConfigurationList section */
		B589D447293F1D2E00198385 /* Build configuration list for PBXProject "Messenger" */ = {
			isa = XCConfigurationList;
			buildConfigurations = (
				B589D461293F1D3000198385 /* Debug */,
				B589D462293F1D3000198385 /* Release */,
			);
			defaultConfigurationIsVisible = 0;
			defaultConfigurationName = Release;
		};
		B589D463293F1D3000198385 /* Build configuration list for PBXNativeTarget "Messenger" */ = {
			isa = XCConfigurationList;
			buildConfigurations = (
				B589D464293F1D3000198385 /* Debug */,
				B589D465293F1D3000198385 /* Release */,
			);
			defaultConfigurationIsVisible = 0;
			defaultConfigurationName = Release;
		};
/* End XCConfigurationList section */

/* Begin XCRemoteSwiftPackageReference section */
		B51F474C2940766900BE0016 /* XCRemoteSwiftPackageReference "MessageKit" */ = {
			isa = XCRemoteSwiftPackageReference;
			repositoryURL = "https://github.com/MessageKit/MessageKit";
			requirement = {
				kind = upToNextMajorVersion;
				minimumVersion = 4.0.0;
			};
		};
/* End XCRemoteSwiftPackageReference section */

/* Begin XCSwiftPackageProductDependency section */
		B51F474D2940766900BE0016 /* MessageKit */ = {
			isa = XCSwiftPackageProductDependency;
			package = B51F474C2940766900BE0016 /* XCRemoteSwiftPackageReference "MessageKit" */;
			productName = MessageKit;
		};
/* End XCSwiftPackageProductDependency section */

/* Begin XCVersionGroup section */
		B589D458293F1D2E00198385 /* Messenger.xcdatamodeld */ = {
			isa = XCVersionGroup;
			children = (
				B589D459293F1D2E00198385 /* Messenger.xcdatamodel */,
			);
			currentVersion = B589D459293F1D2E00198385 /* Messenger.xcdatamodel */;
			path = Messenger.xcdatamodeld;
			sourceTree = "<group>";
			versionGroupType = wrapper.xcdatamodel;
		};
/* End XCVersionGroup section */
	};
	rootObject = B589D444293F1D2E00198385 /* Project object */;
}
